
Microsoft Visual Studio Solution File, Format Version 12.00
# Visual Studio Version 17
VisualStudioVersion = 17.8.34309.116
MinimumVisualStudioVersion = 10.0.40219.1
Project("{FAE04EC0-301F-11D3-BF4B-00C04F79EFBC}") = "Login", "Login\Login.csproj", "{11EF302D-F595-4A53-B57E-771E107921C7}"
EndProject
Global
	GlobalSection(SolutionConfigurationPlatforms) = preSolution
		Debug|Any CPU = Debug|Any CPU
		Release|Any CPU = Release|Any CPU
	EndGlobalSection
	GlobalSection(ProjectConfigurationPlatforms) = postSolution
		{11EF302D-F595-4A53-B57E-771E107921C7}.Debug|Any CPU.ActiveCfg = Debug|Any CPU
		{11EF302D-F595-4A53-B57E-771E107921C7}.Debug|Any CPU.Build.0 = Debug|Any CPU
		{11EF302D-F595-4A53-B57E-771E107921C7}.Release|Any CPU.ActiveCfg = Release|Any CPU
		{11EF302D-F595-4A53-B57E-771E107921C7}.Release|Any CPU.Build.0 = Release|Any CPU
	EndGlobalSection
	GlobalSection(SolutionProperties) = preSolution
		HideSolutionNode = FALSE
	EndGlobalSection
	GlobalSection(ExtensibilityGlobals) = postSolution
		SolutionGuid = {E1887B91-90F1-4087-B425-4BB1252A4C48}
	EndGlobalSection
EndGlobal
